
Microsoft Visual Studio Solution File, Format Version 12.00
# Visual Studio Version 17
VisualStudioVersion = 17.0.31903.59
MinimumVisualStudioVersion = 10.0.40219.1
Project("{FAE04EC0-301F-11D3-BF4B-00C04F79EFBC}") = "TodoApi", "TodoApi\TodoApi.csproj", "{FF20A4E3-4FD7-4EDF-9C1E-6C674211A8AB}"
EndProject
Project("{FAE04EC0-301F-11D3-BF4B-00C04F79EFBC}") = "Core", "Core\Core.csproj", "{7E7D3651-DCF4-4AD6-A1F3-EFFEB6E84CBF}"
EndProject
Global
	GlobalSection(SolutionConfigurationPlatforms) = preSolution
		Debug|Any CPU = Debug|Any CPU
		Release|Any CPU = Release|Any CPU
	EndGlobalSection
	GlobalSection(SolutionProperties) = preSolution
		HideSolutionNode = FALSE
	EndGlobalSection
	GlobalSection(ProjectConfigurationPlatforms) = postSolution
		{FF20A4E3-4FD7-4EDF-9C1E-6C674211A8AB}.Debug|Any CPU.ActiveCfg = Debug|Any CPU
		{FF20A4E3-4FD7-4EDF-9C1E-6C674211A8AB}.Debug|Any CPU.Build.0 = Debug|Any CPU
		{FF20A4E3-4FD7-4EDF-9C1E-6C674211A8AB}.Release|Any CPU.ActiveCfg = Release|Any CPU
		{FF20A4E3-4FD7-4EDF-9C1E-6C674211A8AB}.Release|Any CPU.Build.0 = Release|Any CPU
		{7E7D3651-DCF4-4AD6-A1F3-EFFEB6E84CBF}.Debug|Any CPU.ActiveCfg = Debug|Any CPU
		{7E7D3651-DCF4-4AD6-A1F3-EFFEB6E84CBF}.Debug|Any CPU.Build.0 = Debug|Any CPU
		{7E7D3651-DCF4-4AD6-A1F3-EFFEB6E84CBF}.Release|Any CPU.ActiveCfg = Release|Any CPU
		{7E7D3651-DCF4-4AD6-A1F3-EFFEB6E84CBF}.Release|Any CPU.Build.0 = Release|Any CPU
	EndGlobalSection
EndGlobal
